hash: cd6b6c4f3de02546185711d526172ef1dd6c69fdef1e60316484f266fdb3713d
updated: 2016-09-05T14:36:33.621227628+02:00
imports:
- name: github.com/appcelerator/amp
  version: 28712fd4ee96d3266110add7f93c897f903cef94
  subpackages:
  - api/rpc/logs
  - data/elasticsearch
  - data/storage
- name: github.com/docker/distribution
  version: 49c1a62cb210fe1c27fd41d4acc99f95610a07ad
  subpackages:
  - reference
  - digest
- name: github.com/docker/engine-api
  version: 3d1601b9d2436a70b0dfc045a23f6503d19195df
  subpackages:
  - client
  - types
  - types/events
  - types/filters
  - client/transport
  - client/transport/cancellable
  - types/container
  - types/network
  - types/reference
  - types/registry
  - types/swarm
  - types/time
  - types/versions
  - types/blkiodev
  - types/strslice
- name: github.com/docker/go-connections
  version: 988efe982fdecb46f01d53465878ff1f2ff411ce
  subpackages:
  - sockets
  - tlsconfig
  - nat
- name: github.com/docker/go-units
  version: 2c1805a1c750c4ea749899f49221e1d5f3e5ce42
- name: github.com/gogo/protobuf
  version: 25ba8223d7d87221953053beb97ebf159b982257
  subpackages:
  - gogoproto
  - proto
  - protoc-gen-gogo/descriptor
- name: github.com/golang/protobuf
  version: 1f49d83d9aa00e6ce4fc8258c71cc7786aec968a
  subpackages:
  - proto
- name: github.com/Microsoft/go-winio
  version: ce2922f643c8fd76b46cadc7f404a06282678b34
- name: github.com/nats-io/go-nats-streaming
  version: 1875d675b301931c7037d118eac68dca8c99ceed
  subpackages:
  - pb
- name: github.com/nats-io/nats
  version: ea8b4fd12ebb823073c0004b9f09ac8748f4f165
  subpackages:
  - encoders/builtin
- name: github.com/nats-io/nuid
  version: a5152d67cf63cbfb5d992a395458722a45194715
- name: github.com/opencontainers/runc
  version: 04f275d4601ca7e5ff9460cec7f65e8dd15443ec
  subpackages:
  - libcontainer/user
- name: github.com/Sirupsen/logrus
  version: 55eb11d21d2a31a3cc93838241d04800f52e823d
  subpackages:
  - formatters/logstash
- name: golang.org/x/net
  version: 4876518f9e71663000c348837735820161a42df7
  subpackages:
  - context
  - http2
  - trace
  - context/ctxhttp
  - proxy
  - http2/hpack
  - internal/timeseries
- name: golang.org/x/sys
  version: a646d33e2ee3172a661fc09bca23bb4889a41bc8
  subpackages:
  - windows
- name: google.golang.org/grpc
  version: 0032a855ba5c8a3c8e0d71c2deef354b70af1584
  subpackages:
  - codes
  - metadata
  - credentials
  - grpclog
  - internal
  - naming
  - transport
  - peer
- name: gopkg.in/olivere/elastic.v3
  version: f9fd15e1ea3a50bbe58c72a4b8820499fe3bb0e1
  subpackages:
  - backoff
  - uritemplates
testImports:
- name: github.com/haoxins/supertest
  version: 6e4ae37169c0aaf5b4a41559bc3e2f57a4361efd
